
Microsoft Visual Studio Solution File, Format Version 12.00
# Visual Studio Version 17
VisualStudioVersion = 17.5.33516.290
MinimumVisualStudioVersion = 10.0.40219.1
Project("{FAE04EC0-301F-11D3-BF4B-00C04F79EFBC}") = "MoreDataTypes", "MoreDataTypes\MoreDataTypes.csproj", "{5190F41E-270B-478C-8363-6B77595D34E5}"
EndProject
Project("{FAE04EC0-301F-11D3-BF4B-00C04F79EFBC}") = "MoreDataTypesTests", "MoreDataTypesTests\MoreDataTypesTests.csproj", "{97869A7D-440B-46ED-8C4B-887808DEA411}"
EndProject
Global
	GlobalSection(SolutionConfigurationPlatforms) = preSolution
		Debug|Any CPU = Debug|Any CPU
		Release|Any CPU = Release|Any CPU
	EndGlobalSection
	GlobalSection(ProjectConfigurationPlatforms) = postSolution
		{5190F41E-270B-478C-8363-6B77595D34E5}.Debug|Any CPU.ActiveCfg = Debug|Any CPU
		{5190F41E-270B-478C-8363-6B77595D34E5}.Debug|Any CPU.Build.0 = Debug|Any CPU
		{5190F41E-270B-478C-8363-6B77595D34E5}.Release|Any CPU.ActiveCfg = Release|Any CPU
		{5190F41E-270B-478C-8363-6B77595D34E5}.Release|Any CPU.Build.0 = Release|Any CPU
		{97869A7D-440B-46ED-8C4B-887808DEA411}.Debug|Any CPU.ActiveCfg = Debug|Any CPU
		{97869A7D-440B-46ED-8C4B-887808DEA411}.Debug|Any CPU.Build.0 = Debug|Any CPU
		{97869A7D-440B-46ED-8C4B-887808DEA411}.Release|Any CPU.ActiveCfg = Release|Any CPU
		{97869A7D-440B-46ED-8C4B-887808DEA411}.Release|Any CPU.Build.0 = Release|Any CPU
	EndGlobalSection
	GlobalSection(SolutionProperties) = preSolution
		HideSolutionNode = FALSE
	EndGlobalSection
	GlobalSection(ExtensibilityGlobals) = postSolution
		SolutionGuid = {8600E1CC-6A05-4E2A-8C00-C883CFF39C24}
	EndGlobalSection
EndGlobal
